
Microsoft Visual Studio Solution File, Format Version 12.00
# Visual Studio 15
VisualStudioVersion = 15.0.28307.1145
MinimumVisualStudioVersion = 10.0.40219.1
Project("{FAE04EC0-301F-11D3-BF4B-00C04F79EFBC}") = "prueba 33", "prueba 33\prueba 33.csproj", "{1A87D06E-06EB-4DAA-B83C-F90FFC494B9B}"
EndProject
Global
	GlobalSection(SolutionConfigurationPlatforms) = preSolution
		Debug|Any CPU = Debug|Any CPU
		Release|Any CPU = Release|Any CPU
	EndGlobalSection
	GlobalSection(ProjectConfigurationPlatforms) = postSolution
		{1A87D06E-06EB-4DAA-B83C-F90FFC494B9B}.Debug|Any CPU.ActiveCfg = Debug|Any CPU
		{1A87D06E-06EB-4DAA-B83C-F90FFC494B9B}.Debug|Any CPU.Build.0 = Debug|Any CPU
		{1A87D06E-06EB-4DAA-B83C-F90FFC494B9B}.Release|Any CPU.ActiveCfg = Release|Any CPU
		{1A87D06E-06EB-4DAA-B83C-F90FFC494B9B}.Release|Any CPU.Build.0 = Release|Any CPU
	EndGlobalSection
	GlobalSection(SolutionProperties) = preSolution
		HideSolutionNode = FALSE
	EndGlobalSection
	GlobalSection(ExtensibilityGlobals) = postSolution
		SolutionGuid = {786EB853-AE63-4133-BF2D-20BD8B9C9D03}
	EndGlobalSection
EndGlobal
